# MAOP Python — reproducible dependency lock.
#
# Generated reference: 2026-07-16 (re-frozen on demand; see note below)
# Python:    requires-python >=3.10 (was incorrectly annotated as "3.13+" — fixed)
#
# IMPORTANT (5.1 fix): this lock is a *reference*, not a byte-exact freeze of a
# production environment. Direct dependencies MUST track pyproject.toml
# [project.dependencies] and are expressed as narrow ranges (>=, <) here so the
# file cannot drift into silently different majors. For a truly reproducible
# build, regenerate after a clean install:
#   pip install -r requirements.txt && pip freeze > requirements.lock
#
# Source of truth for DIRECT deps: pyproject.toml. This file mirrors it.

# ── Direct dependencies (from pyproject.toml) ──────────────────────
# 5.1 fix: these were missing from the lock entirely (aiohttp, PyJWT,
# alembic, aiosqlite) or used bare `>=` ranges. They now mirror pyproject.toml
# as narrow ranges so the lock cannot claim a pin it does not enforce.
fastapi==0.115.0
uvicorn[standard]==0.30.6
pydantic>=2.9.0,<3.0
pydantic-settings==2.5.2
pyyaml==6.0.2
httpx>=0.27.0,<1.0
python-dotenv==1.0.1
mmh3==5.2.1
numpy>=1.24.0,<3.0
cryptography>=42.0,<49
lxml>=4.9.0
alembic>=1.13.0
python-multipart>=0.0.9
aiosqlite>=0.20.0
aiohttp>=3.9.0
websockets>=12.0,<15
PyJWT>=2.8.0
packaging>=24.0

# Enterprise / optional backend drivers (declared in pyproject `enterprise` extra)
psycopg[binary,pool]>=3.1
asyncpg>=0.29.0
redis>=5.0.0
pika>=1.3.0
etcd3>=0.12.0  # NOTE: upstream is effectively unmaintained (last release 2019) and has known CVEs; keep optional and review before enabling in production.

# ── Runtime dependencies (transitive) ──────────────────────────────
# These were frozen from an earlier environment and are kept as a reference.
# Re-run `pip freeze` in a clean venv to refresh exact transitive pins.
starlette>=0.38.6
anyio>=4.6.2
typing-extensions>=4.12.2
python-multipart>=0.0.12
httptools>=0.6.4
watchfiles>=1.0.4
websockets>=13.1
h11>=0.14.0
sniffio>=1.3.1
idna>=3.10
certifi>=2024.8.30
annotated-types>=0.7.0
pydantic-core>=2.46.4

# ── Dev / test dependencies ────────────────────────────────────────
pytest>=8.0
pytest-asyncio>=0.23
ruff>=0.4

# Optional ML extra (declared in pyproject `ml`)
sentence-transformers>=2.0
